
Microsoft Visual Studio Solution File, Format Version 11.00
# Visual Studio 2010
Project("{8BC9CEB8-8B4A-11D0-8D11-00A0C91BC942}") = "ZIP_UNZIP", "ZIP_UNZIP\ZIP_UNZIP.vcxproj", "{3F009020-2780-4EAD-9551-9DB2A23525CF}"
EndProject
Global
	GlobalSection(SolutionConfigurationPlatforms) = preSolution
		Debug|Win32 = Debug|Win32
		Release|Win32 = Release|Win32
	EndGlobalSection
	GlobalSection(ProjectConfigurationPlatforms) = postSolution
		{3F009020-2780-4EAD-9551-9DB2A23525CF}.Debug|Win32.ActiveCfg = Debug|Win32
		{3F009020-2780-4EAD-9551-9DB2A23525CF}.Debug|Win32.Build.0 = Debug|Win32
		{3F009020-2780-4EAD-9551-9DB2A23525CF}.Release|Win32.ActiveCfg = Release|Win32
		{3F009020-2780-4EAD-9551-9DB2A23525CF}.Release|Win32.Build.0 = Release|Win32
	EndGlobalSection
	GlobalSection(SolutionProperties) = preSolution
		HideSolutionNode = FALSE
	EndGlobalSection
EndGlobal
